
Microsoft Visual Studio Solution File, Format Version 12.00
# Visual Studio Version 17
VisualStudioVersion = 17.1.32421.90
MinimumVisualStudioVersion = 10.0.40219.1
Project("{2150E333-8FDC-42A3-9474-1A3956D46DE8}") = "Solution Items", "Solution Items", "{51E17508-23C7-4CEC-9678-77A673CE00BD}"
	ProjectSection(SolutionItems) = preProject
		Readme.txt = Readme.txt
	EndProjectSection
EndProject
Project("{9A19103F-16F7-4668-BE54-9A1E7A4F7556}") = "TaxiDispatcher.App", "TaxiDispatcher.App\TaxiDispatcher.App.csproj", "{DFFCB38F-F59E-4F54-84DA-0D56E1CB2C78}"
EndProject
Project("{9A19103F-16F7-4668-BE54-9A1E7A4F7556}") = "TaxiDispatcher.Client", "TaxiDispatcher.Client\TaxiDispatcher.Client.csproj", "{1AEF0179-5DDF-4EFC-B76F-617729EA58E4}"
EndProject
Project("{2150E333-8FDC-42A3-9474-1A3956D46DE8}") = "src", "src", "{0400C7DA-2C7B-496D-9F55-E07B4845C3A1}"
EndProject
Project("{2150E333-8FDC-42A3-9474-1A3956D46DE8}") = "tests", "tests", "{21AB34AE-5422-48EF-B7F8-BC2D370D6C0D}"
EndProject
Project("{2150E333-8FDC-42A3-9474-1A3956D46DE8}") = "Client", "Client", "{2220164A-1D5F-4B69-85A5-7FE3ED29C78A}"
EndProject
Project("{2150E333-8FDC-42A3-9474-1A3956D46DE8}") = "Infrastructure", "Infrastructure", "{8080A631-D386-43F3-B0F0-54888FCE5107}"
EndProject
Project("{2150E333-8FDC-42A3-9474-1A3956D46DE8}") = "Web", "Web", "{EB612216-F093-44AB-81D9-33C2759F9269}"
EndProject
Project("{2150E333-8FDC-42A3-9474-1A3956D46DE8}") = "Application", "Application", "{DEC2B562-0F95-4111-B6B3-35485BB81571}"
EndProject
Project("{2150E333-8FDC-42A3-9474-1A3956D46DE8}") = "Domain", "Domain", "{B81456C5-9419-43D6-A1D3-B45F8D7072BA}"
EndProject
Project("{9A19103F-16F7-4668-BE54-9A1E7A4F7556}") = "TaxiDispatcher.ConsoleClient", "TaxiDispatcher.ConsoleClient\TaxiDispatcher.ConsoleClient.csproj", "{F1CEF0D0-1BCF-4992-B8CA-9B04799C9F22}"
EndProject
Project("{9A19103F-16F7-4668-BE54-9A1E7A4F7556}") = "TaxiDispatcher.WebApi", "TaxiDispatcher.WebApi\TaxiDispatcher.WebApi.csproj", "{4F7E9A82-9495-478B-93DD-93D8DACAE1B0}"
EndProject
Project("{9A19103F-16F7-4668-BE54-9A1E7A4F7556}") = "TaxiDispatcher.Domain", "TaxiDispatcher.Domain\TaxiDispatcher.Domain.csproj", "{859F70D3-202F-4557-94A7-1A9A2D4E3475}"
EndProject
Project("{9A19103F-16F7-4668-BE54-9A1E7A4F7556}") = "TaxiDispatcher.Application", "TaxiDispatcher.Application\TaxiDispatcher.Application.csproj", "{48648C77-99D8-497F-A5AF-4813D96DE423}"
EndProject
Project("{9A19103F-16F7-4668-BE54-9A1E7A4F7556}") = "TaxiDispatcher.Infrastructure", "TaxiDispatcher.Infrastructure\TaxiDispatcher.Infrastructure.csproj", "{BCCCCEAE-4BA5-4C34-889B-1AE19086EB12}"
EndProject
Global
	GlobalSection(SolutionConfigurationPlatforms) = preSolution
		Debug|Any CPU = Debug|Any CPU
		Release|Any CPU = Release|Any CPU
	EndGlobalSection
	GlobalSection(ProjectConfigurationPlatforms) = postSolution
		{DFFCB38F-F59E-4F54-84DA-0D56E1CB2C78}.Debug|Any CPU.ActiveCfg = Debug|Any CPU
		{DFFCB38F-F59E-4F54-84DA-0D56E1CB2C78}.Debug|Any CPU.Build.0 = Debug|Any CPU
		{DFFCB38F-F59E-4F54-84DA-0D56E1CB2C78}.Release|Any CPU.ActiveCfg = Release|Any CPU
		{DFFCB38F-F59E-4F54-84DA-0D56E1CB2C78}.Release|Any CPU.Build.0 = Release|Any CPU
		{1AEF0179-5DDF-4EFC-B76F-617729EA58E4}.Debug|Any CPU.ActiveCfg = Debug|Any CPU
		{1AEF0179-5DDF-4EFC-B76F-617729EA58E4}.Debug|Any CPU.Build.0 = Debug|Any CPU
		{1AEF0179-5DDF-4EFC-B76F-617729EA58E4}.Release|Any CPU.ActiveCfg = Release|Any CPU
		{1AEF0179-5DDF-4EFC-B76F-617729EA58E4}.Release|Any CPU.Build.0 = Release|Any CPU
		{F1CEF0D0-1BCF-4992-B8CA-9B04799C9F22}.Debug|Any CPU.ActiveCfg = Debug|Any CPU
		{F1CEF0D0-1BCF-4992-B8CA-9B04799C9F22}.Debug|Any CPU.Build.0 = Debug|Any CPU
		{F1CEF0D0-1BCF-4992-B8CA-9B04799C9F22}.Release|Any CPU.ActiveCfg = Release|Any CPU
		{F1CEF0D0-1BCF-4992-B8CA-9B04799C9F22}.Release|Any CPU.Build.0 = Release|Any CPU
		{4F7E9A82-9495-478B-93DD-93D8DACAE1B0}.Debug|Any CPU.ActiveCfg = Debug|Any CPU
		{4F7E9A82-9495-478B-93DD-93D8DACAE1B0}.Debug|Any CPU.Build.0 = Debug|Any CPU
		{4F7E9A82-9495-478B-93DD-93D8DACAE1B0}.Release|Any CPU.ActiveCfg = Release|Any CPU
		{4F7E9A82-9495-478B-93DD-93D8DACAE1B0}.Release|Any CPU.Build.0 = Release|Any CPU
		{859F70D3-202F-4557-94A7-1A9A2D4E3475}.Debug|Any CPU.ActiveCfg = Debug|Any CPU
		{859F70D3-202F-4557-94A7-1A9A2D4E3475}.Debug|Any CPU.Build.0 = Debug|Any CPU
		{859F70D3-202F-4557-94A7-1A9A2D4E3475}.Release|Any CPU.ActiveCfg = Release|Any CPU
		{859F70D3-202F-4557-94A7-1A9A2D4E3475}.Release|Any CPU.Build.0 = Release|Any CPU
		{48648C77-99D8-497F-A5AF-4813D96DE423}.Debug|Any CPU.ActiveCfg = Debug|Any CPU
		{48648C77-99D8-497F-A5AF-4813D96DE423}.Debug|Any CPU.Build.0 = Debug|Any CPU
		{48648C77-99D8-497F-A5AF-4813D96DE423}.Release|Any CPU.ActiveCfg = Release|Any CPU
		{48648C77-99D8-497F-A5AF-4813D96DE423}.Release|Any CPU.Build.0 = Release|Any CPU
		{BCCCCEAE-4BA5-4C34-889B-1AE19086EB12}.Debug|Any CPU.ActiveCfg = Debug|Any CPU
		{BCCCCEAE-4BA5-4C34-889B-1AE19086EB12}.Debug|Any CPU.Build.0 = Debug|Any CPU
		{BCCCCEAE-4BA5-4C34-889B-1AE19086EB12}.Release|Any CPU.ActiveCfg = Release|Any CPU
		{BCCCCEAE-4BA5-4C34-889B-1AE19086EB12}.Release|Any CPU.Build.0 = Release|Any CPU
	EndGlobalSection
	GlobalSection(SolutionProperties) = preSolution
		HideSolutionNode = FALSE
	EndGlobalSection
	GlobalSection(NestedProjects) = preSolution
		{2220164A-1D5F-4B69-85A5-7FE3ED29C78A} = {0400C7DA-2C7B-496D-9F55-E07B4845C3A1}
		{8080A631-D386-43F3-B0F0-54888FCE5107} = {0400C7DA-2C7B-496D-9F55-E07B4845C3A1}
		{EB612216-F093-44AB-81D9-33C2759F9269} = {0400C7DA-2C7B-496D-9F55-E07B4845C3A1}
		{DEC2B562-0F95-4111-B6B3-35485BB81571} = {0400C7DA-2C7B-496D-9F55-E07B4845C3A1}
		{B81456C5-9419-43D6-A1D3-B45F8D7072BA} = {0400C7DA-2C7B-496D-9F55-E07B4845C3A1}
		{F1CEF0D0-1BCF-4992-B8CA-9B04799C9F22} = {2220164A-1D5F-4B69-85A5-7FE3ED29C78A}
		{4F7E9A82-9495-478B-93DD-93D8DACAE1B0} = {EB612216-F093-44AB-81D9-33C2759F9269}
		{859F70D3-202F-4557-94A7-1A9A2D4E3475} = {B81456C5-9419-43D6-A1D3-B45F8D7072BA}
		{48648C77-99D8-497F-A5AF-4813D96DE423} = {DEC2B562-0F95-4111-B6B3-35485BB81571}
		{BCCCCEAE-4BA5-4C34-889B-1AE19086EB12} = {8080A631-D386-43F3-B0F0-54888FCE5107}
	EndGlobalSection
	GlobalSection(ExtensibilityGlobals) = postSolution
		SolutionGuid = {FE7ADC6C-CE1F-456B-8A86-E3376D9072BA}
	EndGlobalSection
EndGlobal
